
Microsoft Visual Studio Solution File, Format Version 12.00
# Visual Studio Version 16
VisualStudioVersion = 16.0.29230.47
MinimumVisualStudioVersion = 10.0.40219.1
Project("{FAE04EC0-301F-11D3-BF4B-00C04F79EFBC}") = "CakeComunity", "CakeComunity\CakeComunity.csproj", "{AFA939ED-4A95-4839-A444-23702789D92A}"
EndProject
Global
	GlobalSection(SolutionConfigurationPlatforms) = preSolution
		Debug|Any CPU = Debug|Any CPU
		Release|Any CPU = Release|Any CPU
	EndGlobalSection
	GlobalSection(ProjectConfigurationPlatforms) = postSolution
		{AFA939ED-4A95-4839-A444-23702789D92A}.Debug|Any CPU.ActiveCfg = Debug|Any CPU
		{AFA939ED-4A95-4839-A444-23702789D92A}.Debug|Any CPU.Build.0 = Debug|Any CPU
		{AFA939ED-4A95-4839-A444-23702789D92A}.Release|Any CPU.ActiveCfg = Release|Any CPU
		{AFA939ED-4A95-4839-A444-23702789D92A}.Release|Any CPU.Build.0 = Release|Any CPU
	EndGlobalSection
	GlobalSection(SolutionProperties) = preSolution
		HideSolutionNode = FALSE
	EndGlobalSection
	GlobalSection(ExtensibilityGlobals) = postSolution
		SolutionGuid = {DC002E9D-41ED-486D-BE42-C63E55F2868B}
	EndGlobalSection
EndGlobal
